lockfileVersion: 5.4

specifiers:
  browser-image-compression: ^2.0.0

dependencies:
  browser-image-compression: 2.0.0

packages:

  /browser-image-compression/2.0.0:
    resolution: {integrity: sha512-kBlkZo13yOOfcmrPW0M0K/UdZPogIQj2gRvXIM3FktAnfW6VRq9aY2RI+F6O0x6DMj1Xm+WLGgWcFK8Fu/ddnw==}
    dependencies:
      uzip: 0.20201231.0
    dev: false

  /uzip/0.20201231.0:
    resolution: {integrity: sha512-OZeJfZP+R0z9D6TmBgLq2LHzSSptGMGDGigGiEe0pr8UBe/7fdflgHlHBNDASTXB5jnFuxHpNaJywSg8YFeGng==}
    dev: false
